Microsoft Visual Studio Solution File, Format Version 12.00
# Visual Studio Version 17
VisualStudioVersion = 17.5.2.0
MinimumVisualStudioVersion = 10.0.40219.1
Project("{FAE04EC0-301F-11D3-BF4B-00C04F79EFBC}") = "Lbracket", "Lbracket.csproj", "{08AEBA1A-8A17-8C07-F9BE-27B303301964}"
EndProject
Global
	GlobalSection(SolutionConfigurationPlatforms) = preSolution
		Debug|Any CPU = Debug|Any CPU
		Release|Any CPU = Release|Any CPU
	EndGlobalSection
	GlobalSection(ProjectConfigurationPlatforms) = postSolution
		{08AEBA1A-8A17-8C07-F9BE-27B303301964}.Debug|Any CPU.ActiveCfg = Debug|Any CPU
		{08AEBA1A-8A17-8C07-F9BE-27B303301964}.Debug|Any CPU.Build.0 = Debug|Any CPU
		{08AEBA1A-8A17-8C07-F9BE-27B303301964}.Release|Any CPU.ActiveCfg = Release|Any CPU
		{08AEBA1A-8A17-8C07-F9BE-27B303301964}.Release|Any CPU.Build.0 = Release|Any CPU
	EndGlobalSection
	GlobalSection(SolutionProperties) = preSolution
		HideSolutionNode = FALSE
	EndGlobalSection
	GlobalSection(ExtensibilityGlobals) = postSolution
		SolutionGuid = {8A2539B5-A867-44F6-B5BE-008033FD1811}
	EndGlobalSection
EndGlobal
